
Microsoft Visual Studio Solution File, Format Version 12.00
# Visual Studio Version 16
VisualStudioVersion = 16.0.31019.35
MinimumVisualStudioVersion = 10.0.40219.1
Project("{2150E333-8FDC-42A3-9474-1A3956D46DE8}") = "Shared", "Shared", "{50E9BFAC-3CDB-485D-8DE9-2418F71C2A92}"
EndProject
Project("{9A19103F-16F7-4668-BE54-9A1E7A4F7556}") = "Hurace.Timer", "Hurace.Timer\Hurace.Timer.csproj", "{5B7BA5A7-9272-4AD0-824F-B18629C0D8F0}"
EndProject
Project("{9A19103F-16F7-4668-BE54-9A1E7A4F7556}") = "Hurace.Mvvm", "Hurace.Mvvm\Hurace.Mvvm.csproj", "{E2B7949D-3153-40E8-A2CF-686331865295}"
EndProject
Project("{9A19103F-16F7-4668-BE54-9A1E7A4F7556}") = "Hurace.Simulator", "Hurace.Simulator\Hurace.Simulator.csproj", "{F2209E79-BDFB-43AE-8629-6735DAC93C6B}"
EndProject
Project("{9A19103F-16F7-4668-BE54-9A1E7A4F7556}") = "Hurace.RaceControl", "Hurace.RaceControl\Hurace.RaceControl.csproj", "{4095DCC0-BD74-4CEB-8C31-DDF5C020B7E3}"
EndProject
Project("{9A19103F-16F7-4668-BE54-9A1E7A4F7556}") = "Hurace.Core", "..\Hurace.Shared\Hurace.Core\Hurace.Core.csproj", "{5096C914-8814-4901-BE91-9BA11FADBA2D}"
EndProject
Project("{9A19103F-16F7-4668-BE54-9A1E7A4F7556}") = "Hurace.Core.Test", "..\Hurace.Shared\Hurace.Core.Test\Hurace.Core.Test.csproj", "{A05A65A1-4ADE-4FD6-8BD6-F5B79FD802B1}"
EndProject
Project("{9A19103F-16F7-4668-BE54-9A1E7A4F7556}") = "Hurace.Data", "..\Hurace.Shared\Hurace.Data\Hurace.Data.csproj", "{064A492F-282F-40BD-B964-EF95ECFDF0CA}"
EndProject
Project("{9A19103F-16F7-4668-BE54-9A1E7A4F7556}") = "Hurace.Data.Ado", "..\Hurace.Shared\Hurace.Data.Ado\Hurace.Data.Ado.csproj", "{FB4306D6-8B4E-4862-86A5-5E0EDD177600}"
EndProject
Project("{9A19103F-16F7-4668-BE54-9A1E7A4F7556}") = "Hurace.Data.Ado.Test", "..\Hurace.Shared\Hurace.Data.Ado.Test\Hurace.Data.Ado.Test.csproj", "{610EF8BC-7FFB-4B56-99BA-44F54AC32833}"
EndProject
Project("{9A19103F-16F7-4668-BE54-9A1E7A4F7556}") = "Hurace.Data.Generator", "..\Hurace.Shared\Hurace.Data.Generator\Hurace.Data.Generator.csproj", "{B24477F7-A0B1-44F9-AFD9-7DC57B2CB13F}"
EndProject
Project("{9A19103F-16F7-4668-BE54-9A1E7A4F7556}") = "Hurace.Logic", "..\Hurace.Shared\Hurace.Logic\Hurace.Logic.csproj", "{A07B399B-1B35-4AF6-917B-539CE41A7CC6}"
EndProject
Project("{9A19103F-16F7-4668-BE54-9A1E7A4F7556}") = "Hurace.Logic.Test", "..\Hurace.Shared\Hurace.Logic.Test\Hurace.Logic.Test.csproj", "{48EA8BE7-5100-4ED6-9C0E-499F852E1A4D}"
EndProject
Project("{2150E333-8FDC-42A3-9474-1A3956D46DE8}") = "Solution Items", "Solution Items", "{68D69196-EC43-4925-B17D-9878EB93F83C}"
	ProjectSection(SolutionItems) = preProject
		..\StyleCop\hurace.ruleset = ..\StyleCop\hurace.ruleset
		..\StyleCop\StyleCop.Analyzers.ruleset = ..\StyleCop\StyleCop.Analyzers.ruleset
		..\StyleCop\stylecop.json = ..\StyleCop\stylecop.json
	EndProjectSection
EndProject
Global
	GlobalSection(SolutionConfigurationPlatforms) = preSolution
		Debug|Any CPU = Debug|Any CPU
		Release|Any CPU = Release|Any CPU
	EndGlobalSection
	GlobalSection(ProjectConfigurationPlatforms) = postSolution
		{5B7BA5A7-9272-4AD0-824F-B18629C0D8F0}.Debug|Any CPU.ActiveCfg = Debug|Any CPU
		{5B7BA5A7-9272-4AD0-824F-B18629C0D8F0}.Debug|Any CPU.Build.0 = Debug|Any CPU
		{5B7BA5A7-9272-4AD0-824F-B18629C0D8F0}.Release|Any CPU.ActiveCfg = Release|Any CPU
		{5B7BA5A7-9272-4AD0-824F-B18629C0D8F0}.Release|Any CPU.Build.0 = Release|Any CPU
		{E2B7949D-3153-40E8-A2CF-686331865295}.Debug|Any CPU.ActiveCfg = Debug|Any CPU
		{E2B7949D-3153-40E8-A2CF-686331865295}.Debug|Any CPU.Build.0 = Debug|Any CPU
		{E2B7949D-3153-40E8-A2CF-686331865295}.Release|Any CPU.ActiveCfg = Release|Any CPU
		{E2B7949D-3153-40E8-A2CF-686331865295}.Release|Any CPU.Build.0 = Release|Any CPU
		{F2209E79-BDFB-43AE-8629-6735DAC93C6B}.Debug|Any CPU.ActiveCfg = Debug|Any CPU
		{F2209E79-BDFB-43AE-8629-6735DAC93C6B}.Debug|Any CPU.Build.0 = Debug|Any CPU
		{F2209E79-BDFB-43AE-8629-6735DAC93C6B}.Release|Any CPU.ActiveCfg = Release|Any CPU
		{F2209E79-BDFB-43AE-8629-6735DAC93C6B}.Release|Any CPU.Build.0 = Release|Any CPU
		{4095DCC0-BD74-4CEB-8C31-DDF5C020B7E3}.Debug|Any CPU.ActiveCfg = Debug|Any CPU
		{4095DCC0-BD74-4CEB-8C31-DDF5C020B7E3}.Debug|Any CPU.Build.0 = Debug|Any CPU
		{4095DCC0-BD74-4CEB-8C31-DDF5C020B7E3}.Release|Any CPU.ActiveCfg = Release|Any CPU
		{4095DCC0-BD74-4CEB-8C31-DDF5C020B7E3}.Release|Any CPU.Build.0 = Release|Any CPU
		{5096C914-8814-4901-BE91-9BA11FADBA2D}.Debug|Any CPU.ActiveCfg = Debug|Any CPU
		{5096C914-8814-4901-BE91-9BA11FADBA2D}.Debug|Any CPU.Build.0 = Debug|Any CPU
		{5096C914-8814-4901-BE91-9BA11FADBA2D}.Release|Any CPU.ActiveCfg = Release|Any CPU
		{5096C914-8814-4901-BE91-9BA11FADBA2D}.Release|Any CPU.Build.0 = Release|Any CPU
		{A05A65A1-4ADE-4FD6-8BD6-F5B79FD802B1}.Debug|Any CPU.ActiveCfg = Debug|Any CPU
		{A05A65A1-4ADE-4FD6-8BD6-F5B79FD802B1}.Debug|Any CPU.Build.0 = Debug|Any CPU
		{A05A65A1-4ADE-4FD6-8BD6-F5B79FD802B1}.Release|Any CPU.ActiveCfg = Release|Any CPU
		{A05A65A1-4ADE-4FD6-8BD6-F5B79FD802B1}.Release|Any CPU.Build.0 = Release|Any CPU
		{064A492F-282F-40BD-B964-EF95ECFDF0CA}.Debug|Any CPU.ActiveCfg = Debug|Any CPU
		{064A492F-282F-40BD-B964-EF95ECFDF0CA}.Debug|Any CPU.Build.0 = Debug|Any CPU
		{064A492F-282F-40BD-B964-EF95ECFDF0CA}.Release|Any CPU.ActiveCfg = Release|Any CPU
		{064A492F-282F-40BD-B964-EF95ECFDF0CA}.Release|Any CPU.Build.0 = Release|Any CPU
		{FB4306D6-8B4E-4862-86A5-5E0EDD177600}.Debug|Any CPU.ActiveCfg = Debug|Any CPU
		{FB4306D6-8B4E-4862-86A5-5E0EDD177600}.Debug|Any CPU.Build.0 = Debug|Any CPU
		{FB4306D6-8B4E-4862-86A5-5E0EDD177600}.Release|Any CPU.ActiveCfg = Release|Any CPU
		{FB4306D6-8B4E-4862-86A5-5E0EDD177600}.Release|Any CPU.Build.0 = Release|Any CPU
		{610EF8BC-7FFB-4B56-99BA-44F54AC32833}.Debug|Any CPU.ActiveCfg = Debug|Any CPU
		{610EF8BC-7FFB-4B56-99BA-44F54AC32833}.Debug|Any CPU.Build.0 = Debug|Any CPU
		{610EF8BC-7FFB-4B56-99BA-44F54AC32833}.Release|Any CPU.ActiveCfg = Release|Any CPU
		{610EF8BC-7FFB-4B56-99BA-44F54AC32833}.Release|Any CPU.Build.0 = Release|Any CPU
		{B24477F7-A0B1-44F9-AFD9-7DC57B2CB13F}.Debug|Any CPU.ActiveCfg = Debug|Any CPU
		{B24477F7-A0B1-44F9-AFD9-7DC57B2CB13F}.Debug|Any CPU.Build.0 = Debug|Any CPU
		{B24477F7-A0B1-44F9-AFD9-7DC57B2CB13F}.Release|Any CPU.ActiveCfg = Release|Any CPU
		{B24477F7-A0B1-44F9-AFD9-7DC57B2CB13F}.Release|Any CPU.Build.0 = Release|Any CPU
		{A07B399B-1B35-4AF6-917B-539CE41A7CC6}.Debug|Any CPU.ActiveCfg = Debug|Any CPU
		{A07B399B-1B35-4AF6-917B-539CE41A7CC6}.Debug|Any CPU.Build.0 = Debug|Any CPU
		{A07B399B-1B35-4AF6-917B-539CE41A7CC6}.Release|Any CPU.ActiveCfg = Release|Any CPU
		{A07B399B-1B35-4AF6-917B-539CE41A7CC6}.Release|Any CPU.Build.0 = Release|Any CPU
		{48EA8BE7-5100-4ED6-9C0E-499F852E1A4D}.Debug|Any CPU.ActiveCfg = Debug|Any CPU
		{48EA8BE7-5100-4ED6-9C0E-499F852E1A4D}.Debug|Any CPU.Build.0 = Debug|Any CPU
		{48EA8BE7-5100-4ED6-9C0E-499F852E1A4D}.Release|Any CPU.ActiveCfg = Release|Any CPU
		{48EA8BE7-5100-4ED6-9C0E-499F852E1A4D}.Release|Any CPU.Build.0 = Release|Any CPU
	EndGlobalSection
	GlobalSection(SolutionProperties) = preSolution
		HideSolutionNode = FALSE
	EndGlobalSection
	GlobalSection(NestedProjects) = preSolution
		{5096C914-8814-4901-BE91-9BA11FADBA2D} = {50E9BFAC-3CDB-485D-8DE9-2418F71C2A92}
		{A05A65A1-4ADE-4FD6-8BD6-F5B79FD802B1} = {50E9BFAC-3CDB-485D-8DE9-2418F71C2A92}
		{064A492F-282F-40BD-B964-EF95ECFDF0CA} = {50E9BFAC-3CDB-485D-8DE9-2418F71C2A92}
		{FB4306D6-8B4E-4862-86A5-5E0EDD177600} = {50E9BFAC-3CDB-485D-8DE9-2418F71C2A92}
		{610EF8BC-7FFB-4B56-99BA-44F54AC32833} = {50E9BFAC-3CDB-485D-8DE9-2418F71C2A92}
		{B24477F7-A0B1-44F9-AFD9-7DC57B2CB13F} = {50E9BFAC-3CDB-485D-8DE9-2418F71C2A92}
		{A07B399B-1B35-4AF6-917B-539CE41A7CC6} = {50E9BFAC-3CDB-485D-8DE9-2418F71C2A92}
		{48EA8BE7-5100-4ED6-9C0E-499F852E1A4D} = {50E9BFAC-3CDB-485D-8DE9-2418F71C2A92}
	EndGlobalSection
	GlobalSection(ExtensibilityGlobals) = postSolution
		SolutionGuid = {8323EA05-5B96-46A9-B510-A5C469CE7975}
	EndGlobalSection
EndGlobal
